
Microsoft Visual Studio Solution File, Format Version 12.00
# Visual Studio Version 17
VisualStudioVersion = 17.13.35931.197 d17.13
MinimumVisualStudioVersion = 10.0.40219.1
Project("{D2ABAB84-BF74-430A-B69E-9DC6D40DDA17}") = "Assig1_DWBI_CUBE", "Assig1_DWBI_CUBE.dwproj", "{00EDE7C5-704A-EB98-6393-4F30C86A601A}"
EndProject
Global
	GlobalSection(SolutionConfigurationPlatforms) = preSolution
		Development|Default = Development|Default
	EndGlobalSection
	GlobalSection(ProjectConfigurationPlatforms) = postSolution
		{00EDE7C5-704A-EB98-6393-4F30C86A601A}.Development|Default.ActiveCfg = Development
		{00EDE7C5-704A-EB98-6393-4F30C86A601A}.Development|Default.Build.0 = Development
		{00EDE7C5-704A-EB98-6393-4F30C86A601A}.Development|Default.Deploy.0 = Development
	EndGlobalSection
	GlobalSection(SolutionProperties) = preSolution
		HideSolutionNode = FALSE
	EndGlobalSection
	GlobalSection(ExtensibilityGlobals) = postSolution
		SolutionGuid = {425EE224-AFF4-4A19-B0E2-B2E412744805}
	EndGlobalSection
EndGlobal
